// !$*UTF8*$!
{
	archiveVersion = 1;
	classes = {
	};
	objectVersion = 50;
	objects = {

/* Begin PBXBuildFile section */
		E704931525781472000E51B3 /* AppDelegate.swift in Sources */ = {isa = PBXBuildFile; fileRef = E704931425781472000E51B3 /* AppDelegate.swift */; };
		E704931C25781472000E51B3 /* Main.storyboard in Resources */ = {isa = PBXBuildFile; fileRef = E704931A25781472000E51B3 /* Main.storyboard */; };
		E704931E25781473000E51B3 /* Assets.xcassets in Resources */ = {isa = PBXBuildFile; fileRef = E704931D25781473000E51B3 /* Assets.xcassets */; };
		E704932125781473000E51B3 /* LaunchScreen.storyboard in Resources */ = {isa = PBXBuildFile; fileRef = E704931F25781473000E51B3 /* LaunchScreen.storyboard */; };
		E704932D257816D0000E51B3 /* NewsFeedContract.swift in Sources */ = {isa = PBXBuildFile; fileRef = E7049328257816D0000E51B3 /* NewsFeedContract.swift */; };
		E704932E257816D0000E51B3 /* NewsFeedPresenter.swift in Sources */ = {isa = PBXBuildFile; fileRef = E7049329257816D0000E51B3 /* NewsFeedPresenter.swift */; };
		E704932F257816D0000E51B3 /* NewsFeedRouter.swift in Sources */ = {isa = PBXBuildFile; fileRef = E704932A257816D0000E51B3 /* NewsFeedRouter.swift */; };
		E7049330257816D0000E51B3 /* NewsFeedViewController.swift in Sources */ = {isa = PBXBuildFile; fileRef = E704932B257816D0000E51B3 /* NewsFeedViewController.swift */; };
		E7049331257816D0000E51B3 /* NewsFeedInteractor.swift in Sources */ = {isa = PBXBuildFile; fileRef = E704932C257816D0000E51B3 /* NewsFeedInteractor.swift */; };
		E704933D257817BE000E51B3 /* NewsDetailContract.swift in Sources */ = {isa = PBXBuildFile; fileRef = E7049338257817BE000E51B3 /* NewsDetailContract.swift */; };
		E704933E257817BE000E51B3 /* NewsDetailPresenter.swift in Sources */ = {isa = PBXBuildFile; fileRef = E7049339257817BE000E51B3 /* NewsDetailPresenter.swift */; };
		E704933F257817BE000E51B3 /* NewsDetailRouter.swift in Sources */ = {isa = PBXBuildFile; fileRef = E704933A257817BE000E51B3 /* NewsDetailRouter.swift */; };
		E7049340257817BE000E51B3 /* NewsDetailViewController.swift in Sources */ = {isa = PBXBuildFile; fileRef = E704933B257817BE000E51B3 /* NewsDetailViewController.swift */; };
		E7049341257817BE000E51B3 /* NewsDetailInteractor.swift in Sources */ = {isa = PBXBuildFile; fileRef = E704933C257817BE000E51B3 /* NewsDetailInteractor.swift */; };
		E704934725781E10000E51B3 /* NewsTableViewCell.swift in Sources */ = {isa = PBXBuildFile; fileRef = E704934525781E10000E51B3 /* NewsTableViewCell.swift */; };
		E704934825781E10000E51B3 /* NewsTableViewCell.xib in Resources */ = {isa = PBXBuildFile; fileRef = E704934625781E10000E51B3 /* NewsTableViewCell.xib */; };
		E704934E25781EEB000E51B3 /* NetworkService.swift in Sources */ = {isa = PBXBuildFile; fileRef = E704934D25781EEB000E51B3 /* NetworkService.swift */; };
		E704935025781EF7000E51B3 /* News.swift in Sources */ = {isa = PBXBuildFile; fileRef = E704934F25781EF7000E51B3 /* News.swift */; };
/* End PBXBuildFile section */

/* Begin PBXFileReference section */
		E704931125781472000E51B3 /* DelawebTest.app */ = {isa = PBXFileReference; explicitFileType = wrapper.application; includeInIndex = 0; path = DelawebTest.app; sourceTree = BUILT_PRODUCTS_DIR; };
		E704931425781472000E51B3 /* AppDelegate.swift */ = {isa = PBXFileReference; lastKnownFileType = sourcecode.swift; path = AppDelegate.swift; sourceTree = "<group>"; };
		E704931B25781472000E51B3 /* Base */ = {isa = PBXFileReference; lastKnownFileType = file.storyboard; name = Base; path = Base.lproj/Main.storyboard; sourceTree = "<group>"; };
		E704931D25781473000E51B3 /* Assets.xcassets */ = {isa = PBXFileReference; lastKnownFileType = folder.assetcatalog; path = Assets.xcassets; sourceTree = "<group>"; };
		E704932025781473000E51B3 /* Base */ = {isa = PBXFileReference; lastKnownFileType = file.storyboard; name = Base; path = Base.lproj/LaunchScreen.storyboard; sourceTree = "<group>"; };
		E704932225781473000E51B3 /* Info.plist */ = {isa = PBXFileReference; lastKnownFileType = text.plist.xml; path = Info.plist; sourceTree = "<group>"; };
		E7049328257816D0000E51B3 /* NewsFeedContract.swift */ = {isa = PBXFileReference; lastKnownFileType = sourcecode.swift; path = NewsFeedContract.swift; sourceTree = "<group>"; };
		E7049329257816D0000E51B3 /* NewsFeedPresenter.swift */ = {isa = PBXFileReference; lastKnownFileType = sourcecode.swift; path = NewsFeedPresenter.swift; sourceTree = "<group>"; };
		E704932A257816D0000E51B3 /* NewsFeedRouter.swift */ = {isa = PBXFileReference; lastKnownFileType = sourcecode.swift; path = NewsFeedRouter.swift; sourceTree = "<group>"; };
		E704932B257816D0000E51B3 /* NewsFeedViewController.swift */ = {isa = PBXFileReference; lastKnownFileType = sourcecode.swift; path = NewsFeedViewController.swift; sourceTree = "<group>"; };
		E704932C257816D0000E51B3 /* NewsFeedInteractor.swift */ = {isa = PBXFileReference; lastKnownFileType = sourcecode.swift; path = NewsFeedInteractor.swift; sourceTree = "<group>"; };
		E7049338257817BE000E51B3 /* NewsDetailContract.swift */ = {isa = PBXFileReference; lastKnownFileType = sourcecode.swift; path = NewsDetailContract.swift; sourceTree = "<group>"; };
		E7049339257817BE000E51B3 /* NewsDetailPresenter.swift */ = {isa = PBXFileReference; lastKnownFileType = sourcecode.swift; path = NewsDetailPresenter.swift; sourceTree = "<group>"; };
		E704933A257817BE000E51B3 /* NewsDetailRouter.swift */ = {isa = PBXFileReference; lastKnownFileType = sourcecode.swift; path = NewsDetailRouter.swift; sourceTree = "<group>"; };
		E704933B257817BE000E51B3 /* NewsDetailViewController.swift */ = {isa = PBXFileReference; lastKnownFileType = sourcecode.swift; path = NewsDetailViewController.swift; sourceTree = "<group>"; };
		E704933C257817BE000E51B3 /* NewsDetailInteractor.swift */ = {isa = PBXFileReference; lastKnownFileType = sourcecode.swift; path = NewsDetailInteractor.swift; sourceTree = "<group>"; };
		E704934525781E10000E51B3 /* NewsTableViewCell.swift */ = {isa = PBXFileReference; lastKnownFileType = sourcecode.swift; path = NewsTableViewCell.swift; sourceTree = "<group>"; };
		E704934625781E10000E51B3 /* NewsTableViewCell.xib */ = {isa = PBXFileReference; lastKnownFileType = file.xib; path = NewsTableViewCell.xib; sourceTree = "<group>"; };
		E704934D25781EEB000E51B3 /* NetworkService.swift */ = {isa = PBXFileReference; lastKnownFileType = sourcecode.swift; path = NetworkService.swift; sourceTree = "<group>"; };
		E704934F25781EF7000E51B3 /* News.swift */ = {isa = PBXFileReference; lastKnownFileType = sourcecode.swift; path = News.swift; sourceTree = "<group>"; };
/* End PBXFileReference section */

/* Begin PBXFrameworksBuildPhase section */
		E704930E25781472000E51B3 /* Frameworks */ = {
			isa = PBXFrameworksBuildPhase;
			buildActionMask = 2147483647;
			files = (
			);
			runOnlyForDeploymentPostprocessing = 0;
		};
/* End PBXFrameworksBuildPhase section */

/* Begin PBXGroup section */
		E704930825781472000E51B3 = {
			isa = PBXGroup;
			children = (
				E704931325781472000E51B3 /* DelawebTest */,
				E704931225781472000E51B3 /* Products */,
			);
			sourceTree = "<group>";
		};
		E704931225781472000E51B3 /* Products */ = {
			isa = PBXGroup;
			children = (
				E704931125781472000E51B3 /* DelawebTest.app */,
			);
			name = Products;
			sourceTree = "<group>";
		};
		E704931325781472000E51B3 /* DelawebTest */ = {
			isa = PBXGroup;
			children = (
				E704932225781473000E51B3 /* Info.plist */,
				E704933325781709000E51B3 /* Classes */,
				E704934A25781E55000E51B3 /* Common */,
				E70493372578175A000E51B3 /* SupportingFiles */,
				E704933625781748000E51B3 /* Resources */,
			);
			path = DelawebTest;
			sourceTree = "<group>";
		};
		E7049332257816D9000E51B3 /* NewsFeed */ = {
			isa = PBXGroup;
			children = (
				E7049328257816D0000E51B3 /* NewsFeedContract.swift */,
				E704932A257816D0000E51B3 /* NewsFeedRouter.swift */,
				E704932B257816D0000E51B3 /* NewsFeedViewController.swift */,
				E7049329257816D0000E51B3 /* NewsFeedPresenter.swift */,
				E704932C257816D0000E51B3 /* NewsFeedInteractor.swift */,
				E704934925781E16000E51B3 /* NewsTableViewCell */,
			);
			path = NewsFeed;
			sourceTree = "<group>";
		};
		E704933325781709000E51B3 /* Classes */ = {
			isa = PBXGroup;
			children = (
				E704933525781729000E51B3 /* App */,
				E704933425781720000E51B3 /* Modules */,
			);
			path = Classes;
			sourceTree = "<group>";
		};
		E704933425781720000E51B3 /* Modules */ = {
			isa = PBXGroup;
			children = (
				E7049332257816D9000E51B3 /* NewsFeed */,
				E7049342257817C3000E51B3 /* NewsDetail */,
			);
			path = Modules;
			sourceTree = "<group>";
		};
		E704933525781729000E51B3 /* App */ = {
			isa = PBXGroup;
			children = (
				E704931425781472000E51B3 /* AppDelegate.swift */,
			);
			path = App;
			sourceTree = "<group>";
		};
		E704933625781748000E51B3 /* Resources */ = {
			isa = PBXGroup;
			children = (
				E704931D25781473000E51B3 /* Assets.xcassets */,
			);
			path = Resources;
			sourceTree = "<group>";
		};
		E70493372578175A000E51B3 /* SupportingFiles */ = {
			isa = PBXGroup;
			children = (
				E704931A25781472000E51B3 /* Main.storyboard */,
				E704931F25781473000E51B3 /* LaunchScreen.storyboard */,
			);
			path = SupportingFiles;
			sourceTree = "<group>";
		};
		E7049342257817C3000E51B3 /* NewsDetail */ = {
			isa = PBXGroup;
			children = (
				E7049338257817BE000E51B3 /* NewsDetailContract.swift */,
				E7049339257817BE000E51B3 /* NewsDetailPresenter.swift */,
				E704933A257817BE000E51B3 /* NewsDetailRouter.swift */,
				E704933B257817BE000E51B3 /* NewsDetailViewController.swift */,
				E704933C257817BE000E51B3 /* NewsDetailInteractor.swift */,
			);
			path = NewsDetail;
			sourceTree = "<group>";
		};
		E704934925781E16000E51B3 /* NewsTableViewCell */ = {
			isa = PBXGroup;
			children = (
				E704934525781E10000E51B3 /* NewsTableViewCell.swift */,
				E704934625781E10000E51B3 /* NewsTableViewCell.xib */,
			);
			path = NewsTableViewCell;
			sourceTree = "<group>";
		};
		E704934A25781E55000E51B3 /* Common */ = {
			isa = PBXGroup;
			children = (
				E704934C25781E71000E51B3 /* Services */,
				E704934B25781E62000E51B3 /* Entities */,
			);
			path = Common;
			sourceTree = "<group>";
		};
		E704934B25781E62000E51B3 /* Entities */ = {
			isa = PBXGroup;
			children = (
				E704934F25781EF7000E51B3 /* News.swift */,
			);
			path = Entities;
			sourceTree = "<group>";
		};
		E704934C25781E71000E51B3 /* Services */ = {
			isa = PBXGroup;
			children = (
				E704934D25781EEB000E51B3 /* NetworkService.swift */,
			);
			path = Services;
			sourceTree = "<group>";
		};
/* End PBXGroup section */

/* Begin PBXNativeTarget section */
		E704931025781472000E51B3 /* DelawebTest */ = {
			isa = PBXNativeTarget;
			buildConfigurationList = E704932525781473000E51B3 /* Build configuration list for PBXNativeTarget "DelawebTest" */;
			buildPhases = (
				E704930D25781472000E51B3 /* Sources */,
				E704930E25781472000E51B3 /* Frameworks */,
				E704930F25781472000E51B3 /* Resources */,
			);
			buildRules = (
			);
			dependencies = (
			);
			name = DelawebTest;
			productName = DelawebTest;
			productReference = E704931125781472000E51B3 /* DelawebTest.app */;
			productType = "com.apple.product-type.application";
		};
/* End PBXNativeTarget section */

/* Begin PBXProject section */
		E704930925781472000E51B3 /* Project object */ = {
			isa = PBXProject;
			attributes = {
				LastSwiftUpdateCheck = 1160;
				LastUpgradeCheck = 1160;
				ORGANIZATIONNAME = Vladimir;
				TargetAttributes = {
					E704931025781472000E51B3 = {
						CreatedOnToolsVersion = 11.6;
					};
				};
			};
			buildConfigurationList = E704930C25781472000E51B3 /* Build configuration list for PBXProject "DelawebTest" */;
			compatibilityVersion = "Xcode 9.3";
			developmentRegion = en;
			hasScannedForEncodings = 0;
			knownRegions = (
				en,
				Base,
			);
			mainGroup = E704930825781472000E51B3;
			productRefGroup = E704931225781472000E51B3 /* Products */;
			projectDirPath = "";
			projectRoot = "";
			targets = (
				E704931025781472000E51B3 /* DelawebTest */,
			);
		};
/* End PBXProject section */

/* Begin PBXResourcesBuildPhase section */
		E704930F25781472000E51B3 /* Resources */ = {
			isa = PBXResourcesBuildPhase;
			buildActionMask = 2147483647;
			files = (
				E704932125781473000E51B3 /* LaunchScreen.storyboard in Resources */,
				E704931E25781473000E51B3 /* Assets.xcassets in Resources */,
				E704934825781E10000E51B3 /* NewsTableViewCell.xib in Resources */,
				E704931C25781472000E51B3 /* Main.storyboard in Resources */,
			);
			runOnlyForDeploymentPostprocessing = 0;
		};
/* End PBXResourcesBuildPhase section */

/* Begin PBXSourcesBuildPhase section */
		E704930D25781472000E51B3 /* Sources */ = {
			isa = PBXSourcesBuildPhase;
			buildActionMask = 2147483647;
			files = (
				E7049341257817BE000E51B3 /* NewsDetailInteractor.swift in Sources */,
				E704932D257816D0000E51B3 /* NewsFeedContract.swift in Sources */,
				E704933D257817BE000E51B3 /* NewsDetailContract.swift in Sources */,
				E704935025781EF7000E51B3 /* News.swift in Sources */,
				E704933E257817BE000E51B3 /* NewsDetailPresenter.swift in Sources */,
				E704934725781E10000E51B3 /* NewsTableViewCell.swift in Sources */,
				E704932E257816D0000E51B3 /* NewsFeedPresenter.swift in Sources */,
				E704934E25781EEB000E51B3 /* NetworkService.swift in Sources */,
				E704933F257817BE000E51B3 /* NewsDetailRouter.swift in Sources */,
				E704932F257816D0000E51B3 /* NewsFeedRouter.swift in Sources */,
				E7049340257817BE000E51B3 /* NewsDetailViewController.swift in Sources */,
				E704931525781472000E51B3 /* AppDelegate.swift in Sources */,
				E7049330257816D0000E51B3 /* NewsFeedViewController.swift in Sources */,
				E7049331257816D0000E51B3 /* NewsFeedInteractor.swift in Sources */,
			);
			runOnlyForDeploymentPostprocessing = 0;
		};
/* End PBXSourcesBuildPhase section */

/* Begin PBXVariantGroup section */
		E704931A25781472000E51B3 /* Main.storyboard */ = {
			isa = PBXVariantGroup;
			children = (
				E704931B25781472000E51B3 /* Base */,
			);
			name = Main.storyboard;
			sourceTree = "<group>";
		};
		E704931F25781473000E51B3 /* LaunchScreen.storyboard */ = {
			isa = PBXVariantGroup;
			children = (
				E704932025781473000E51B3 /* Base */,
			);
			name = LaunchScreen.storyboard;
			sourceTree = "<group>";
		};
/* End PBXVariantGroup section */

/* Begin XCBuildConfiguration section */
		E704932325781473000E51B3 /* Debug */ = {
			isa = XCBuildConfiguration;
			buildSettings = {
				ALWAYS_SEARCH_USER_PATHS = NO;
				CLANG_ANALYZER_NONNULL = YES;
				CLANG_ANALYZER_NUMBER_OBJECT_CONVERSION = YES_AGGRESSIVE;
				CLANG_CXX_LANGUAGE_STANDARD = "gnu++14";
				CLANG_CXX_LIBRARY = "libc++";
				CLANG_ENABLE_MODULES = YES;
				CLANG_ENABLE_OBJC_ARC = YES;
				CLANG_ENABLE_OBJC_WEAK = YES;
				CLANG_WARN_BLOCK_CAPTURE_AUTORELEASING = YES;
				CLANG_WARN_BOOL_CONVERSION = YES;
				CLANG_WARN_COMMA = YES;
				CLANG_WARN_CONSTANT_CONVERSION = YES;
				CLANG_WARN_DEPRECATED_OBJC_IMPLEMENTATIONS = YES;
				CLANG_WARN_DIRECT_OBJC_ISA_USAGE = YES_ERROR;
				CLANG_WARN_DOCUMENTATION_COMMENTS = YES;
				CLANG_WARN_EMPTY_BODY = YES;
				CLANG_WARN_ENUM_CONVERSION = YES;
				CLANG_WARN_INFINITE_RECURSION = YES;
				CLANG_WARN_INT_CONVERSION = YES;
				CLANG_WARN_NON_LITERAL_NULL_CONVERSION = YES;
				CLANG_WARN_OBJC_IMPLICIT_RETAIN_SELF = YES;
				CLANG_WARN_OBJC_LITERAL_CONVERSION = YES;
				CLANG_WARN_OBJC_ROOT_CLASS = YES_ERROR;
				CLANG_WARN_RANGE_LOOP_ANALYSIS = YES;
				CLANG_WARN_STRICT_PROTOTYPES = YES;
				CLANG_WARN_SUSPICIOUS_MOVE = YES;
				CLANG_WARN_UNGUARDED_AVAILABILITY = YES_AGGRESSIVE;
				CLANG_WARN_UNREACHABLE_CODE = YES;
				CLANG_WARN__DUPLICATE_METHOD_MATCH = YES;
				COPY_PHASE_STRIP = NO;
				DEBUG_INFORMATION_FORMAT = dwarf;
				ENABLE_STRICT_OBJC_MSGSEND = YES;
				ENABLE_TESTABILITY = YES;
				GCC_C_LANGUAGE_STANDARD = gnu11;
				GCC_DYNAMIC_NO_PIC = NO;
				GCC_NO_COMMON_BLOCKS = YES;
				GCC_OPTIMIZATION_LEVEL = 0;
				GCC_PREPROCESSOR_DEFINITIONS = (
					"DEBUG=1",
					"$(inherited)",
				);
				GCC_WARN_64_TO_32_BIT_CONVERSION = YES;
				GCC_WARN_ABOUT_RETURN_TYPE = YES_ERROR;
				GCC_WARN_UNDECLARED_SELECTOR = YES;
				GCC_WARN_UNINITIALIZED_AUTOS = YES_AGGRESSIVE;
				GCC_WARN_UNUSED_FUNCTION = YES;
				GCC_WARN_UNUSED_VARIABLE = YES;
				IPHONEOS_DEPLOYMENT_TARGET = 13.6;
				MTL_ENABLE_DEBUG_INFO = INCLUDE_SOURCE;
				MTL_FAST_MATH = YES;
				ONLY_ACTIVE_ARCH = YES;
				SDKROOT = iphoneos;
				SWIFT_ACTIVE_COMPILATION_CONDITIONS = DEBUG;
				SWIFT_OPTIMIZATION_LEVEL = "-Onone";
			};
			name = Debug;
		};
		E704932425781473000E51B3 /* Release */ = {
			isa = XCBuildConfiguration;
			buildSettings = {
				ALWAYS_SEARCH_USER_PATHS = NO;
				CLANG_ANALYZER_NONNULL = YES;
				CLANG_ANALYZER_NUMBER_OBJECT_CONVERSION = YES_AGGRESSIVE;
				CLANG_CXX_LANGUAGE_STANDARD = "gnu++14";
				CLANG_CXX_LIBRARY = "libc++";
				CLANG_ENABLE_MODULES = YES;
				CLANG_ENABLE_OBJC_ARC = YES;
				CLANG_ENABLE_OBJC_WEAK = YES;
				CLANG_WARN_BLOCK_CAPTURE_AUTORELEASING = YES;
				CLANG_WARN_BOOL_CONVERSION = YES;
				CLANG_WARN_COMMA = YES;
				CLANG_WARN_CONSTANT_CONVERSION = YES;
				CLANG_WARN_DEPRECATED_OBJC_IMPLEMENTATIONS = YES;
				CLANG_WARN_DIRECT_OBJC_ISA_USAGE = YES_ERROR;
				CLANG_WARN_DOCUMENTATION_COMMENTS = YES;
				CLANG_WARN_EMPTY_BODY = YES;
				CLANG_WARN_ENUM_CONVERSION = YES;
				CLANG_WARN_INFINITE_RECURSION = YES;
				CLANG_WARN_INT_CONVERSION = YES;
				CLANG_WARN_NON_LITERAL_NULL_CONVERSION = YES;
				CLANG_WARN_OBJC_IMPLICIT_RETAIN_SELF = YES;
				CLANG_WARN_OBJC_LITERAL_CONVERSION = YES;
				CLANG_WARN_OBJC_ROOT_CLASS = YES_ERROR;
				CLANG_WARN_RANGE_LOOP_ANALYSIS = YES;
				CLANG_WARN_STRICT_PROTOTYPES = YES;
				CLANG_WARN_SUSPICIOUS_MOVE = YES;
				CLANG_WARN_UNGUARDED_AVAILABILITY = YES_AGGRESSIVE;
				CLANG_WARN_UNREACHABLE_CODE = YES;
				CLANG_WARN__DUPLICATE_METHOD_MATCH = YES;
				COPY_PHASE_STRIP = NO;
				DEBUG_INFORMATION_FORMAT = "dwarf-with-dsym";
				ENABLE_NS_ASSERTIONS = NO;
				ENABLE_STRICT_OBJC_MSGSEND = YES;
				GCC_C_LANGUAGE_STANDARD = gnu11;
				GCC_NO_COMMON_BLOCKS = YES;
				GCC_WARN_64_TO_32_BIT_CONVERSION = YES;
				GCC_WARN_ABOUT_RETURN_TYPE = YES_ERROR;
				GCC_WARN_UNDECLARED_SELECTOR = YES;
				GCC_WARN_UNINITIALIZED_AUTOS = YES_AGGRESSIVE;
				GCC_WARN_UNUSED_FUNCTION = YES;
				GCC_WARN_UNUSED_VARIABLE = YES;
				IPHONEOS_DEPLOYMENT_TARGET = 13.6;
				MTL_ENABLE_DEBUG_INFO = NO;
				MTL_FAST_MATH = YES;
				SDKROOT = iphoneos;
				SWIFT_COMPILATION_MODE = wholemodule;
				SWIFT_OPTIMIZATION_LEVEL = "-O";
				VALIDATE_PRODUCT = YES;
			};
			name = Release;
		};
		E704932625781473000E51B3 /* Debug */ = {
			isa = XCBuildConfiguration;
			buildSettings = {
				ASSETCATALOG_COMPILER_APPICON_NAME = AppIcon;
				CODE_SIGN_STYLE = Automatic;
				DEVELOPMENT_TEAM = Z53JTKZSMK;
				INFOPLIST_FILE = DelawebTest/Info.plist;
				LD_RUNPATH_SEARCH_PATHS = (
					"$(inherited)",
					"@executable_path/Frameworks",
				);
				PRODUCT_BUNDLE_IDENTIFIER = Vladimir.DelawebTest;
				PRODUCT_NAME = "$(TARGET_NAME)";
				SWIFT_VERSION = 5.0;
				TARGETED_DEVICE_FAMILY = "1,2";
			};
			name = Debug;
		};
		E704932725781473000E51B3 /* Release */ = {
			isa = XCBuildConfiguration;
			buildSettings = {
				ASSETCATALOG_COMPILER_APPICON_NAME = AppIcon;
				CODE_SIGN_STYLE = Automatic;
				DEVELOPMENT_TEAM = Z53JTKZSMK;
				INFOPLIST_FILE = DelawebTest/Info.plist;
				LD_RUNPATH_SEARCH_PATHS = (
					"$(inherited)",
					"@executable_path/Frameworks",
				);
				PRODUCT_BUNDLE_IDENTIFIER = Vladimir.DelawebTest;
				PRODUCT_NAME = "$(TARGET_NAME)";
				SWIFT_VERSION = 5.0;
				TARGETED_DEVICE_FAMILY = "1,2";
			};
			name = Release;
		};
/* End XCBuildConfiguration section */

/* Begin XCConfigurationList section */
		E704930C25781472000E51B3 /* Build configuration list for PBXProject "DelawebTest" */ = {
			isa = XCConfigurationList;
			buildConfigurations = (
				E704932325781473000E51B3 /* Debug */,
				E704932425781473000E51B3 /* Release */,
			);
			defaultConfigurationIsVisible = 0;
			defaultConfigurationName = Release;
		};
		E704932525781473000E51B3 /* Build configuration list for PBXNativeTarget "DelawebTest" */ = {
			isa = XCConfigurationList;
			buildConfigurations = (
				E704932625781473000E51B3 /* Debug */,
				E704932725781473000E51B3 /* Release */,
			);
			defaultConfigurationIsVisible = 0;
			defaultConfigurationName = Release;
		};
/* End XCConfigurationList section */
	};
	rootObject = E704930925781472000E51B3 /* Project object */;
}
